# platform: linux-64
# env_hash: 036ec6de80a70385222ce04e4ae3f399cf7a1bfcacff37fa6ddd19a980d8d1c5
@EXPLICIT
https://conda.anaconda.org/conda-forge/linux-64/_libgcc_mutex-0.1-conda_forge.tar.bz2#d7c89558ba9fa0495403155b64376d81
https://conda.anaconda.org/conda-forge/linux-64/ca-certificates-2020.12.5-ha878542_0.tar.bz2#7eb5d4ffeee663caa1635cd67071bc1b
https://conda.anaconda.org/conda-forge/linux-64/ld_impl_linux-64-2.35.1-hea4e1c9_1.tar.bz2#cdabe198d509eeae33a9fc8741d7841d
https://conda.anaconda.org/conda-forge/linux-64/libstdcxx-ng-9.3.0-h2ae2ef3_17.tar.bz2#342f3c931d0a3a209ab09a522469d20c
https://conda.anaconda.org/conda-forge/linux-64/libgomp-9.3.0-h5dbcf3e_17.tar.bz2#8fd587013b9da8b52050268d50c12305
https://conda.anaconda.org/conda-forge/linux-64/_openmp_mutex-4.5-1_gnu.tar.bz2#561e277319a41d4f24f5c05a9ef63c04
https://conda.anaconda.org/conda-forge/linux-64/libgcc-ng-9.3.0-h5dbcf3e_17.tar.bz2#fc9f5adabc4d55cd4b491332adc413e0
https://conda.anaconda.org/conda-forge/linux-64/bzip2-1.0.8-h7f98852_4.tar.bz2#a1fd65c7ccbf10880423d82bca54eb54
https://conda.anaconda.org/conda-forge/linux-64/icu-68.1-h58526e2_0.tar.bz2#fc7a4271dc2a7f4fd78cd63695baf7c3
https://conda.anaconda.org/conda-forge/linux-64/libffi-3.3-h58526e2_2.tar.bz2#665369991d8dd290ac5ee92fce3e6bf5
https://conda.anaconda.org/conda-forge/linux-64/libiconv-1.16-h516909a_0.tar.bz2#5c0f338a513a2943c659ae619fca9211
https://conda.anaconda.org/conda-forge/linux-64/liblief-0.10.1-he1b5a44_2.tar.bz2#6dcf6265e59105e5e80185f1a95d33c7
https://conda.anaconda.org/conda-forge/linux-64/lz4-c-1.9.3-h9c3ff4c_0.tar.bz2#4eb64ee0d5cd43096ffcf843c76b05d4
https://conda.anaconda.org/conda-forge/linux-64/lzo-2.10-h516909a_1000.tar.bz2#bb14fcb13341b81d5eb386423b9d2bac
https://conda.anaconda.org/conda-forge/linux-64/ncurses-6.2-h58526e2_4.tar.bz2#509f2a21c4a09214cd737a480dfd80c9
https://conda.anaconda.org/conda-forge/linux-64/openssl-1.1.1i-h7f98852_0.tar.bz2#bc63956d32024c8e0853ff2ca7f2bf05
https://conda.anaconda.org/conda-forge/linux-64/patchelf-0.11-he1b5a44_0.tar.bz2#da683ac27e9d838254e01639868a5a3e
https://conda.anaconda.org/conda-forge/linux-64/ripgrep-12.1.1-h516909a_1.tar.bz2#c15785868032b2612c3719dcd44108ad
https://conda.anaconda.org/conda-forge/linux-64/xz-5.2.5-h516909a_1.tar.bz2#33f601066901f3e1a85af3522a8113f9
https://conda.anaconda.org/conda-forge/linux-64/yaml-0.2.5-h516909a_0.tar.bz2#03a530e925414902547cf48da7756db8
https://conda.anaconda.org/conda-forge/linux-64/zlib-1.2.11-h516909a_1010.tar.bz2#339cc5584e6d26bc73a875ba900028c3
https://conda.anaconda.org/conda-forge/linux-64/libxml2-2.9.10-h72842e0_3.tar.bz2#5ed2c4742d5f1141783f484fe8974ccf
https://conda.anaconda.org/conda-forge/linux-64/readline-8.0-he28a2e2_2.tar.bz2#4d0ae8d473f863696088f76800ef9d38
https://conda.anaconda.org/conda-forge/linux-64/tk-8.6.10-h21135ba_1.tar.bz2#c647f70aa7e3d4cc4e029cc1c9a99953
https://conda.anaconda.org/conda-forge/linux-64/zstd-1.4.8-ha95c52a_1.tar.bz2#ed4dbbaf7d81423678632bf982f45ede
https://conda.anaconda.org/conda-forge/linux-64/libarchive-3.5.1-h3f442fb_1.tar.bz2#1579ccb4f14593e95627bcdb29af953a
https://conda.anaconda.org/conda-forge/linux-64/sqlite-3.34.0-h74cdb3f_0.tar.bz2#0a83e21e8c1929cc9a1e21ebb2459fc5
https://conda.anaconda.org/conda-forge/linux-64/python-3.8.6-hffdb5ce_4_cpython.tar.bz2#e43784498e6c5983eb80ab00e7ba1c7c
https://conda.anaconda.org/conda-forge/noarch/appdirs-1.4.4-pyh9f0ad1d_0.tar.bz2#5f095bc6454094e96f146491fd03633b
https://conda.anaconda.org/conda-forge/noarch/attrs-20.3.0-pyhd3deb0d_0.tar.bz2#5b319abb055eefcfa344bc21378ca23f
https://conda.anaconda.org/conda-forge/noarch/click-7.1.2-pyh9f0ad1d_0.tar.bz2#bd50a970ce07e660c319fdc4d730d3f1
https://conda.anaconda.org/conda-forge/noarch/filelock-3.0.12-pyh9f0ad1d_0.tar.bz2#7544ed05bbbe9bb687bc9bcbe4d6cb46
https://conda.anaconda.org/conda-forge/noarch/glob2-0.7-py_0.tar.bz2#1f3a88e65e61216e1d475135922dbf6a
https://conda.anaconda.org/conda-forge/noarch/idna-2.10-pyh9f0ad1d_0.tar.bz2#f95a12b4f435aae6680fe55ae2eb1b06
https://conda.anaconda.org/conda-forge/noarch/ipython_genutils-0.2.0-py_1.tar.bz2#5071c982548b3a20caf70462f04f5287
https://conda.anaconda.org/conda-forge/noarch/pkginfo-1.6.1-pyh9f0ad1d_0.tar.bz2#9624126b9ae8f1004c137b111a817281
https://conda.anaconda.org/conda-forge/noarch/pycparser-2.20-pyh9f0ad1d_2.tar.bz2#aa798d50ffd182a0f6f31478c7f434f6
https://conda.anaconda.org/conda-forge/linux-64/python_abi-3.8-1_cp38.tar.bz2#8d05152d6fb3012b27a0e6fbcc14bea1
https://conda.anaconda.org/conda-forge/noarch/pytz-2020.5-pyhd8ed1ab_0.tar.bz2#9dbafab7fbbc1ef46a60858fb6320d8a
https://conda.anaconda.org/conda-forge/noarch/six-1.15.0-pyh9f0ad1d_0.tar.bz2#1eec421f0f1f39e579e44e4a5ce646a2
https://conda.anaconda.org/conda-forge/noarch/soupsieve-2.0.1-py_1.tar.bz2#aa1db70848c19bace567ba39a157f508
https://conda.anaconda.org/conda-forge/noarch/toml-0.10.2-pyhd8ed1ab_0.tar.bz2#f832c45a477c78bebd107098db465095
https://conda.anaconda.org/conda-forge/noarch/tqdm-4.55.2-pyhd8ed1ab_0.tar.bz2#088a81d97e99f367d7003f97576f5753
https://conda.anaconda.org/conda-forge/noarch/wheel-0.36.2-pyhd3deb0d_0.tar.bz2#768bfbe026426d0e76b377997d1f2b98
https://conda.anaconda.org/conda-forge/noarch/zipp-3.4.0-py_0.tar.bz2#0df927d2e46244cef8fd75d7ec2ba51c
https://conda.anaconda.org/conda-forge/noarch/beautifulsoup4-4.9.3-pyhb0f4dca_0.tar.bz2#d243a293d7303ab6195d96ce8c16b1cb
https://conda.anaconda.org/conda-forge/linux-64/certifi-2020.12.5-py38h578d9bd_1.tar.bz2#be470d89b0678991fd4ba67d4a35bc80
https://conda.anaconda.org/conda-forge/linux-64/cffi-1.14.4-py38ha65f79e_1.tar.bz2#070203fb16eb5a01aa74a875084fd7f2
https://conda.anaconda.org/conda-forge/linux-64/chardet-4.0.0-py38h578d9bd_1.tar.bz2#9294a5e2c7545a2f67ac348aadd53344
https://conda.anaconda.org/conda-forge/noarch/click-default-group-1.2.1-py_0.tar.bz2#64a66d3d4db54208496c4e2fa822eeee
https://conda.anaconda.org/conda-forge/linux-64/conda-package-handling-1.7.2-py38h8df0ef7_0.tar.bz2#061879a2478eaa08a5566ae258bf41c2
https://conda.anaconda.org/conda-forge/linux-64/future-0.18.2-py38h578d9bd_3.tar.bz2#73014e11488f0c0c7f18a3817734d955
https://conda.anaconda.org/conda-forge/linux-64/importlib-metadata-3.3.0-py38h578d9bd_3.tar.bz2#851d292077ad0717bc8b74d0350ea444
https://conda.anaconda.org/conda-forge/linux-64/markupsafe-1.1.1-py38h497a2fe_3.tar.bz2#d51cdb48d2792a63174c0ee66a602e7e
https://conda.anaconda.org/conda-forge/linux-64/psutil-5.8.0-py38h497a2fe_1.tar.bz2#3c465545aa3cec37f8f1341546677956
https://conda.anaconda.org/conda-forge/linux-64/py-lief-0.10.1-py38h348cfbe_2.tar.bz2#482a4183ea41641b40eb9304bb919f6e
https://conda.anaconda.org/conda-forge/linux-64/pycosat-0.6.3-py38h497a2fe_1006.tar.bz2#b4cf0e6f44165cb38e5ce3cdd5657dc3
https://conda.anaconda.org/conda-forge/linux-64/pyrsistent-0.17.3-py38h497a2fe_2.tar.bz2#239e9357764e43276e8e80e65535b46f
https://conda.anaconda.org/conda-forge/linux-64/pysocks-1.7.1-py38h924ce5b_2.tar.bz2#b589d2f798c01ba2bfbc1afe2f95b639
https://conda.anaconda.org/conda-forge/noarch/python-dateutil-2.8.1-py_0.tar.bz2#0d0150ed9c2d25817f5324108d3f7571
https://conda.anaconda.org/conda-forge/linux-64/python-libarchive-c-2.9-py38h924ce5b_2.tar.bz2#d215bbf187569bd077daa96749100cb7
https://conda.anaconda.org/conda-forge/linux-64/pyyaml-5.3.1-py38h497a2fe_2.tar.bz2#210cde5d6a3c41698f3a68620af9c4fa
https://conda.anaconda.org/conda-forge/linux-64/ruamel_yaml-0.15.80-py38h8df0ef7_1003.tar.bz2#e2a8c8ca031e77f6db9245285d0436d9
https://conda.anaconda.org/conda-forge/noarch/traitlets-5.0.5-py_0.tar.bz2#99618ee9ab1323e40f231acdab92fe60
https://conda.anaconda.org/conda-forge/linux-64/brotlipy-0.7.0-py38h8df0ef7_1001.tar.bz2#1d928644b8bfd49b2e869609dd3e57a1
https://conda.anaconda.org/conda-forge/linux-64/cryptography-3.3.1-py38h2b97feb_0.tar.bz2#f6679e58fc4d98fb7b57f479beded033
https://conda.anaconda.org/conda-forge/noarch/importlib_metadata-3.3.0-hd8ed1ab_3.tar.bz2#68e5373bb2bf7e562b8c88f9cb2400c5
https://conda.anaconda.org/conda-forge/linux-64/jupyter_core-4.7.0-py38h578d9bd_0.tar.bz2#aa83f54189c3289055f7811fbabc2d12
https://conda.anaconda.org/conda-forge/linux-64/setuptools-49.6.0-py38h578d9bd_3.tar.bz2#59c561cd1be0db9cf1c83f7d7cc74f4d
https://conda.anaconda.org/conda-forge/noarch/clyent-1.2.2-py_1.tar.bz2#b9ee3fdf59f49883497741509ea364b6
https://conda.anaconda.org/conda-forge/noarch/jinja2-2.11.2-pyh9f0ad1d_0.tar.bz2#e8a5d614d1a27bdba00059ca062a0551
https://conda.anaconda.org/conda-forge/noarch/jsonschema-3.2.0-py_2.tar.bz2#a17aa962de6145d08e1008cb37c20161
https://conda.anaconda.org/conda-forge/noarch/pip-20.3.3-pyhd8ed1ab_0.tar.bz2#c7e5c449e502567a995e4bd09c538faf
https://conda.anaconda.org/conda-forge/noarch/pyopenssl-20.0.1-pyhd8ed1ab_0.tar.bz2#92371c25994d0f5d28a01c1fb75ebf86
https://conda.anaconda.org/conda-forge/linux-64/conda-verify-3.1.1-py38h578d9bd_1003.tar.bz2#5792c77dca81de1b5c304c8f6d620809
https://conda.anaconda.org/conda-forge/noarch/nbformat-5.0.8-py_0.tar.bz2#12aaf0d8795a5c375757b49a08e011a2
https://conda.anaconda.org/conda-forge/noarch/urllib3-1.26.2-pyhd8ed1ab_0.tar.bz2#8bb930d172961c9ba9ffd6e10a64b844
https://conda.anaconda.org/conda-forge/noarch/requests-2.25.1-pyhd3deb0d_0.tar.bz2#ae687aba31a1c400192a86a2e993ffdc
https://conda.anaconda.org/conda-forge/noarch/anaconda-client-1.7.2-py_0.tar.bz2#1ada0ee7841ef357baf8cb8ae71fac9b
https://conda.anaconda.org/conda-forge/linux-64/conda-4.9.2-py38h578d9bd_0.tar.bz2#bce3590abb3228c20380b2c1bead635f
https://conda.anaconda.org/conda-forge/noarch/ensureconda-1.4.1-pyhd8ed1ab_0.tar.bz2#52a7f7cc9076e2c8a25e15e19ad42821
https://conda.anaconda.org/conda-forge/linux-64/conda-build-3.20.5-py38h924ce5b_0.tar.bz2#bf78082b94534f96539786b1b9e36de1
https://conda.anaconda.org/conda-forge/noarch/conda-lock-0.8.0-pyhd8ed1ab_0.tar.bz2#1258c98fb0bb0b9171b8150e259535b8
