# platform: linux-64
# env_hash: b177d6bf1bfb53a904604fe32196946da9184134c147d53179ef0ccba33be1a3
@EXPLICIT
https://conda.anaconda.org/conda-forge/linux-64/_libgcc_mutex-0.1-conda_forge.tar.bz2#d7c89558ba9fa0495403155b64376d81
https://conda.anaconda.org/conda-forge/linux-64/ca-certificates-2020.12.5-ha878542_0.tar.bz2#7eb5d4ffeee663caa1635cd67071bc1b
https://conda.anaconda.org/conda-forge/linux-64/ld_impl_linux-64-2.35.1-hea4e1c9_1.tar.bz2#cdabe198d509eeae33a9fc8741d7841d
https://conda.anaconda.org/conda-forge/linux-64/libgfortran5-9.3.0-he4bcb1c_17.tar.bz2#0c15349375fc3d0cb2114fcabe2f0aba
https://conda.anaconda.org/conda-forge/linux-64/libstdcxx-ng-9.3.0-h2ae2ef3_17.tar.bz2#342f3c931d0a3a209ab09a522469d20c
https://conda.anaconda.org/conda-forge/linux-64/mysql-common-8.0.22-ha770c72_1.tar.bz2#cceece8228c37ef02f893ab99f5a8094
https://conda.anaconda.org/conda-forge/linux-64/pandoc-2.11.3.2-h7f98852_0.tar.bz2#246cf35a350cc2559bc21408ca206bcf
https://conda.anaconda.org/conda-forge/linux-64/libgfortran-ng-9.3.0-he4bcb1c_17.tar.bz2#f92019e2b944dc3e5d33d0efba4a3461
https://conda.anaconda.org/conda-forge/linux-64/libgomp-9.3.0-h5dbcf3e_17.tar.bz2#8fd587013b9da8b52050268d50c12305
https://conda.anaconda.org/conda-forge/linux-64/_openmp_mutex-4.5-1_gnu.tar.bz2#561e277319a41d4f24f5c05a9ef63c04
https://conda.anaconda.org/conda-forge/linux-64/libgcc-ng-9.3.0-h5dbcf3e_17.tar.bz2#fc9f5adabc4d55cd4b491332adc413e0
https://conda.anaconda.org/conda-forge/linux-64/bzip2-1.0.8-h7f98852_4.tar.bz2#a1fd65c7ccbf10880423d82bca54eb54
https://conda.anaconda.org/conda-forge/linux-64/c-ares-1.17.1-h36c2ea0_0.tar.bz2#1aa683618a2df66800d568409d6841d1
https://conda.anaconda.org/conda-forge/linux-64/expat-2.2.9-he1b5a44_2.tar.bz2#285f5b5ca3209d492224935affd00aab
https://conda.anaconda.org/conda-forge/linux-64/geos-3.8.1-he1b5a44_0.tar.bz2#7282fbe0c036bacad959c03c05a7eb9a
https://conda.anaconda.org/conda-forge/linux-64/gmp-6.2.1-h58526e2_0.tar.bz2#b94cf2db16066b242ebd26db2facbd56
https://conda.anaconda.org/conda-forge/linux-64/icu-68.1-h58526e2_0.tar.bz2#fc7a4271dc2a7f4fd78cd63695baf7c3
https://conda.anaconda.org/conda-forge/linux-64/jpeg-9d-h36c2ea0_0.tar.bz2#ea02ce6037dbe81803ae6123e5ba1568
https://conda.anaconda.org/conda-forge/linux-64/libev-4.33-h516909a_1.tar.bz2#6f8720dff19e17ce5d48cfe7f3d2f0a3
https://conda.anaconda.org/conda-forge/linux-64/libffi-3.3-h58526e2_2.tar.bz2#665369991d8dd290ac5ee92fce3e6bf5
https://conda.anaconda.org/conda-forge/linux-64/libiconv-1.16-h516909a_0.tar.bz2#5c0f338a513a2943c659ae619fca9211
https://conda.anaconda.org/conda-forge/linux-64/libopenblas-0.3.12-pthreads_h4812303_1.tar.bz2#2c7126a584f05e7bc8885d64dad3d21a
https://conda.anaconda.org/conda-forge/linux-64/libsodium-1.0.18-h36c2ea0_1.tar.bz2#c3788462a6fbddafdb413a9f9053e58d
https://conda.anaconda.org/conda-forge/linux-64/libuuid-2.32.1-h7f98852_1000.tar.bz2#772d69f030955d9646d3d0eaf21d859d
https://conda.anaconda.org/conda-forge/linux-64/libuv-1.40.0-h7f98852_0.tar.bz2#b28922850963c5ce6ea2bd6d239a335e
https://conda.anaconda.org/conda-forge/linux-64/libwebp-base-1.1.0-h36c2ea0_3.tar.bz2#5d2fa0f54b5cc9b500269437a62cba3b
https://conda.anaconda.org/conda-forge/linux-64/lz4-c-1.9.2-he1b5a44_3.tar.bz2#b2e54aad8640e7a877d2280d3ebfe85b
https://conda.anaconda.org/conda-forge/linux-64/ncurses-6.2-h58526e2_4.tar.bz2#509f2a21c4a09214cd737a480dfd80c9
https://conda.anaconda.org/conda-forge/linux-64/nspr-4.29-he1b5a44_1.tar.bz2#74ad126b32aaf96f31df4569048b65ff
https://conda.anaconda.org/conda-forge/linux-64/openssl-1.1.1i-h7f98852_0.tar.bz2#bc63956d32024c8e0853ff2ca7f2bf05
https://conda.anaconda.org/conda-forge/linux-64/pcre-8.44-he1b5a44_0.tar.bz2#e647d89cd5cdf62760cf283a001841ff
https://conda.anaconda.org/conda-forge/linux-64/pthread-stubs-0.4-h36c2ea0_1001.tar.bz2#22dad4df6e8630e8dff2428f6f6a7036
https://conda.anaconda.org/conda-forge/linux-64/xorg-libxau-1.0.9-h14c3975_0.tar.bz2#ffa7c2b7a2c7dc779ed9e38b10a93c3c
https://conda.anaconda.org/conda-forge/linux-64/xorg-libxdmcp-1.1.3-h516909a_0.tar.bz2#e95a160e60b2a327309a6d323a4d780e
https://conda.anaconda.org/conda-forge/linux-64/xz-5.2.5-h516909a_1.tar.bz2#33f601066901f3e1a85af3522a8113f9
https://conda.anaconda.org/conda-forge/linux-64/yaml-0.2.5-h516909a_0.tar.bz2#03a530e925414902547cf48da7756db8
https://conda.anaconda.org/conda-forge/linux-64/zlib-1.2.11-h516909a_1010.tar.bz2#339cc5584e6d26bc73a875ba900028c3
https://conda.anaconda.org/conda-forge/linux-64/gettext-0.19.8.1-h0b5b191_1005.tar.bz2#ff6f69b593a9e74c0e6b61908ac513fa
https://conda.anaconda.org/conda-forge/linux-64/hdf4-4.2.13-h10796ff_1004.tar.bz2#aa1b96c7801b4876bb40f46f4d519836
https://conda.anaconda.org/conda-forge/linux-64/libblas-3.9.0-4_openblas.tar.bz2#8d5b688b69b94b1cc042996e5a84164c
https://conda.anaconda.org/conda-forge/linux-64/libedit-3.1.20191231-he28a2e2_2.tar.bz2#4d331e44109e3f0e19b4cb8f9b82f3e1
https://conda.anaconda.org/conda-forge/linux-64/libevent-2.1.10-hcdb4288_3.tar.bz2#d8f51405997093ff1799ded7650439c4
https://conda.anaconda.org/conda-forge/linux-64/libllvm10-10.0.1-he513fc3_3.tar.bz2#b1c57947b2a9231e0cd037ab0ed96b5d
https://conda.anaconda.org/conda-forge/linux-64/libllvm11-11.0.0-he513fc3_0.tar.bz2#c9e7796ab9b52e1a323485d2f4e47c63
https://conda.anaconda.org/conda-forge/linux-64/libnghttp2-1.41.0-h8cfc5f6_2.tar.bz2#726ca0fed4bde95b056ef26df1efaf60
https://conda.anaconda.org/conda-forge/linux-64/libpng-1.6.37-h21135ba_2.tar.bz2#b6acf807307d033d4b7e758b4f44b036
https://conda.anaconda.org/conda-forge/linux-64/libssh2-1.9.0-hab1572f_5.tar.bz2#18aaa1bd2238ae2b5e89591046973123
https://conda.anaconda.org/conda-forge/linux-64/libxcb-1.13-h14c3975_1002.tar.bz2#ca4eb860b5528d5c6de8d97021d9ef78
https://conda.anaconda.org/conda-forge/linux-64/libxml2-2.9.10-h72842e0_3.tar.bz2#5ed2c4742d5f1141783f484fe8974ccf
https://conda.anaconda.org/conda-forge/linux-64/mpfr-4.0.2-he80fd80_1.tar.bz2#36b97844b2c0121c7913c64313f985f0
https://conda.anaconda.org/conda-forge/linux-64/nodejs-15.3.0-h25f6087_0.tar.bz2#6b86fd5540eb41260be403e4227d1e5f
https://conda.anaconda.org/conda-forge/linux-64/readline-8.0-he28a2e2_2.tar.bz2#4d0ae8d473f863696088f76800ef9d38
https://conda.anaconda.org/conda-forge/linux-64/tk-8.6.10-h21135ba_1.tar.bz2#c647f70aa7e3d4cc4e029cc1c9a99953
https://conda.anaconda.org/conda-forge/linux-64/zeromq-4.3.3-h58526e2_3.tar.bz2#6272fa8d98bd79c7978da0f7d2bb28da
https://conda.anaconda.org/conda-forge/linux-64/zstd-1.4.5-h6597ccf_2.tar.bz2#d60d50f369d40f9787878cdd866fc9d3
https://conda.anaconda.org/conda-forge/linux-64/freetype-2.10.4-h7ca028e_0.tar.bz2#1e6bf409916fdf455a5bb8627b626285
https://conda.anaconda.org/conda-forge/linux-64/krb5-1.17.2-h926e7f8_0.tar.bz2#926325c11478d6e781e76072c117763b
https://conda.anaconda.org/conda-forge/linux-64/libcblas-3.9.0-4_openblas.tar.bz2#fa49b11879a5169c78ebe30af35852fc
https://conda.anaconda.org/conda-forge/linux-64/libclang-11.0.0-default_ha5c780c_2.tar.bz2#3cb19733b57d45d3aec35905925b2747
https://conda.anaconda.org/conda-forge/linux-64/libglib-2.66.4-h164308a_1.tar.bz2#d320eec766d1f41b94b75a09e020ed32
https://conda.anaconda.org/conda-forge/linux-64/liblapack-3.9.0-4_openblas.tar.bz2#496249a45f53e62e70716854872d6b34
https://conda.anaconda.org/conda-forge/linux-64/libtiff-4.2.0-hdc55705_0.tar.bz2#f1406324f1d02fa26447a0a0f2dd0107
https://conda.anaconda.org/conda-forge/linux-64/libxkbcommon-1.0.3-he3ba5ed_0.tar.bz2#f9dbabc7e01c459ed7a1d1d64b206e9b
https://conda.anaconda.org/conda-forge/linux-64/mpc-1.1.0-h04dde30_1009.tar.bz2#04a83b86c244fd8fe557a24e50b0028e
https://conda.anaconda.org/conda-forge/linux-64/mysql-libs-8.0.22-h1fd7589_1.tar.bz2#2392d8422a2233772d65be6104c52f64
https://conda.anaconda.org/conda-forge/linux-64/sqlite-3.34.0-h74cdb3f_0.tar.bz2#0a83e21e8c1929cc9a1e21ebb2459fc5
https://conda.anaconda.org/conda-forge/linux-64/fontconfig-2.13.1-h736d332_1003.tar.bz2#b334e3822a600cc536b674af4b988815
https://conda.anaconda.org/conda-forge/linux-64/gstreamer-1.18.2-h3560a44_1.tar.bz2#7191cb95c8f5c8dc4b7a69d6ac62add6
https://conda.anaconda.org/conda-forge/linux-64/lcms2-2.11-hcbb858e_1.tar.bz2#89fcd6a52a99f3e255989f8cfc80c489
https://conda.anaconda.org/conda-forge/linux-64/libcurl-7.71.1-hcdd3856_8.tar.bz2#2c81fb9f0d82c04b08617fc73eb615af
https://conda.anaconda.org/conda-forge/linux-64/libpq-12.3-h255efa7_3.tar.bz2#a1daa43848e9e2b655a9af817a8bb613
https://conda.anaconda.org/conda-forge/linux-64/nss-3.60-hb5efdd6_0.tar.bz2#f4ba6f394447a2e3c3e51384a128324f
https://conda.anaconda.org/conda-forge/linux-64/python-3.7.9-hffdb5ce_0_cpython.tar.bz2#5dad14aa9de356dc1d10635fe5529fa3
https://conda.anaconda.org/conda-forge/noarch/appdirs-1.4.4-pyh9f0ad1d_0.tar.bz2#5f095bc6454094e96f146491fd03633b
https://conda.anaconda.org/conda-forge/noarch/async-timeout-3.0.1-py_1000.tar.bz2#8b11024b2762a07aaa07d2743231a41b
https://conda.anaconda.org/conda-forge/noarch/async_generator-1.10-py_0.tar.bz2#d56c596e61b1c4952acf0a9920856c12
https://conda.anaconda.org/conda-forge/noarch/attrs-20.3.0-pyhd3deb0d_0.tar.bz2#5b319abb055eefcfa344bc21378ca23f
https://conda.anaconda.org/conda-forge/noarch/backcall-0.2.0-pyh9f0ad1d_0.tar.bz2#6006a6d08a3fa99268a2681c7fb55213
https://conda.anaconda.org/conda-forge/noarch/backports-1.0-py_2.tar.bz2#0da16b293affa6ac31812376f8eb79dd
https://conda.anaconda.org/conda-forge/noarch/blinker-1.4-py_1.tar.bz2#fa509a09190583f869ae442bf4d17f5f
https://conda.anaconda.org/conda-forge/noarch/cached-property-1.5.1-py_0.tar.bz2#a5773589b22d6d4f6201fb7c261bf77f
https://conda.anaconda.org/conda-forge/noarch/click-7.1.2-pyh9f0ad1d_0.tar.bz2#bd50a970ce07e660c319fdc4d730d3f1
https://conda.anaconda.org/conda-forge/linux-64/curl-7.71.1-he644dc0_8.tar.bz2#7fadfa44182e1cc0dbbe0c169c0b15cc
https://conda.anaconda.org/conda-forge/noarch/decorator-4.4.2-py_0.tar.bz2#d2eabb9cabd212e1ec6a9463bd846243
https://conda.anaconda.org/conda-forge/noarch/defusedxml-0.6.0-py_0.tar.bz2#37e1033daee0e2edaa5ff42584c52b21
https://conda.anaconda.org/conda-forge/noarch/docopt-0.6.2-py_1.tar.bz2#a9ed63e45579cfef026a916af2bc27c9
https://conda.anaconda.org/conda-forge/noarch/entrypoints-0.3-pyhd8ed1ab_1003.tar.bz2#bbf9a201f6ce99a506f4955374d9a9f4
https://conda.anaconda.org/conda-forge/noarch/filelock-3.0.12-pyh9f0ad1d_0.tar.bz2#7544ed05bbbe9bb687bc9bcbe4d6cb46
https://conda.anaconda.org/conda-forge/linux-64/glib-2.66.4-hcd2ae1e_1.tar.bz2#9088db2733b778d59e3bcdb104e6a57f
https://conda.anaconda.org/conda-forge/linux-64/hdf5-1.10.6-nompi_h6a2412b_1112.tar.bz2#1a1aec2bd230d10406960e4e7a43a787
https://conda.anaconda.org/conda-forge/noarch/idna-2.10-pyh9f0ad1d_0.tar.bz2#f95a12b4f435aae6680fe55ae2eb1b06
https://conda.anaconda.org/conda-forge/noarch/iniconfig-1.1.1-pyh9f0ad1d_0.tar.bz2#39161f81cc5e5ca45b8226fbb06c6905
https://conda.anaconda.org/conda-forge/noarch/ipython_genutils-0.2.0-py_1.tar.bz2#5071c982548b3a20caf70462f04f5287
https://conda.anaconda.org/conda-forge/noarch/json5-0.9.5-pyh9f0ad1d_0.tar.bz2#10759827a94e6b14996e81fb002c0bda
https://conda.anaconda.org/conda-forge/noarch/more-itertools-8.6.0-pyhd8ed1ab_0.tar.bz2#980af7a97980ad4cc867b3c1fad782e7
https://conda.anaconda.org/conda-forge/noarch/mpmath-1.1.0-py_0.tar.bz2#710eeb108dbbbb96d38f9cde359f6a94
https://conda.anaconda.org/conda-forge/noarch/nest-asyncio-1.4.3-pyhd8ed1ab_0.tar.bz2#a1f2fda4d88c624810bf2029aa4c0827
https://conda.anaconda.org/conda-forge/noarch/olefile-0.46-pyh9f0ad1d_1.tar.bz2#0b2e68acc8c78c8cc392b90983481f58
https://conda.anaconda.org/conda-forge/noarch/pamela-1.0.0-py_0.tar.bz2#36f6f18d2f3ae0c93d77a9dbedad08c3
https://conda.anaconda.org/conda-forge/noarch/pandocfilters-1.4.2-py_1.tar.bz2#ba6f4a308f1ea22abe1d72e72544af76
https://conda.anaconda.org/conda-forge/noarch/parso-0.8.1-pyhd8ed1ab_0.tar.bz2#8b0a19d867a59005c1ae631d61a12194
https://conda.anaconda.org/conda-forge/noarch/pickleshare-0.7.5-py_1003.tar.bz2#415f0ebb6198cc2801c73438a9fb5761
https://conda.anaconda.org/conda-forge/linux-64/proj-7.2.0-he47e99f_1.tar.bz2#dde3639814abc02ab18e0d4ab14cf12d
https://conda.anaconda.org/conda-forge/noarch/prometheus_client-0.9.0-pyhd3deb0d_0.tar.bz2#c7af95daf5bae22ead34151e0ab9d041
https://conda.anaconda.org/conda-forge/noarch/ptyprocess-0.6.0-py_1001.tar.bz2#0c3a56f1ab48cfb002c69b48f9e1ddc6
https://conda.anaconda.org/conda-forge/noarch/py-1.10.0-pyhd3deb0d_0.tar.bz2#88ca1328ecc79a070214aa24911bace8
https://conda.anaconda.org/conda-forge/noarch/pycparser-2.20-pyh9f0ad1d_2.tar.bz2#aa798d50ffd182a0f6f31478c7f434f6
https://conda.anaconda.org/conda-forge/noarch/pyparsing-2.4.7-pyh9f0ad1d_0.tar.bz2#626c4f20d5bf06dcec9cf2eaa31725c7
https://conda.anaconda.org/conda-forge/noarch/pyshp-2.1.2-pyh9f0ad1d_0.tar.bz2#3362c351288584f00000c3ce31b5bbdf
https://conda.anaconda.org/conda-forge/noarch/python-editor-1.0.4-py_0.tar.bz2#eaaf29a0644f9407f98a4665f45880c4
https://conda.anaconda.org/conda-forge/noarch/python-json-logger-2.0.1-pyh9f0ad1d_0.tar.bz2#aed452f2f9f8bc8b2b0c412975051b5b
https://conda.anaconda.org/conda-forge/linux-64/python_abi-3.7-1_cp37m.tar.bz2#658a5c3d766bfc6574480204b10a6f20
https://conda.anaconda.org/conda-forge/noarch/pytz-2020.5-pyhd8ed1ab_0.tar.bz2#9dbafab7fbbc1ef46a60858fb6320d8a
https://conda.anaconda.org/conda-forge/noarch/send2trash-1.5.0-py_0.tar.bz2#c3779037a635e1150f1c53c28b875949
https://conda.anaconda.org/conda-forge/noarch/simpervisor-0.3-py_1.tar.bz2#fe08b77a681a541161b2b42fbd78d117
https://conda.anaconda.org/conda-forge/noarch/six-1.15.0-pyh9f0ad1d_0.tar.bz2#1eec421f0f1f39e579e44e4a5ce646a2
https://conda.anaconda.org/conda-forge/noarch/soupsieve-2.0.1-py_1.tar.bz2#aa1db70848c19bace567ba39a157f508
https://conda.anaconda.org/conda-forge/noarch/testpath-0.4.4-py_0.tar.bz2#3b98fff4d5342bebde2ecaa314f796f9
https://conda.anaconda.org/conda-forge/noarch/toml-0.10.2-pyhd8ed1ab_0.tar.bz2#f832c45a477c78bebd107098db465095
https://conda.anaconda.org/conda-forge/noarch/typing_extensions-3.7.4.3-py_0.tar.bz2#12b96e382730541a4b332420227055ae
https://conda.anaconda.org/conda-forge/noarch/webencodings-0.5.1-py_1.tar.bz2#3563be4c5611a44210d9ba0c16113136
https://conda.anaconda.org/conda-forge/noarch/webob-1.8.6-py_0.tar.bz2#526d6860bfbd57f3395b40ebb5818a12
https://conda.anaconda.org/conda-forge/noarch/wheel-0.36.2-pyhd3deb0d_0.tar.bz2#768bfbe026426d0e76b377997d1f2b98
https://conda.anaconda.org/conda-forge/noarch/zipp-3.4.0-py_0.tar.bz2#0df927d2e46244cef8fd75d7ec2ba51c
https://conda.anaconda.org/conda-forge/noarch/attrdict-2.0.1-py_0.tar.bz2#7702b1d58e92de4dcf2decde7251ee2e
https://conda.anaconda.org/conda-forge/noarch/babel-2.9.0-pyhd3deb0d_0.tar.bz2#1cb532c9a6fd4e56a9f0906b87c17b76
https://conda.anaconda.org/conda-forge/noarch/beautifulsoup4-4.9.3-pyhb0f4dca_0.tar.bz2#d243a293d7303ab6195d96ce8c16b1cb
https://conda.anaconda.org/conda-forge/linux-64/certifi-2020.12.5-py37h89c1867_0.tar.bz2#49e2df1d3667778efa33257cc33b27e4
https://conda.anaconda.org/conda-forge/linux-64/cffi-1.14.4-py37hc58025e_1.tar.bz2#b1d54180056feb907b9891f8f393c1f1
https://conda.anaconda.org/conda-forge/linux-64/chardet-3.0.4-py37he5f6b98_1008.tar.bz2#2f4cf1309df625c3eb0314a170fb9593
https://conda.anaconda.org/conda-forge/noarch/click-default-group-1.2.1-py_0.tar.bz2#64a66d3d4db54208496c4e2fa822eeee
https://conda.anaconda.org/conda-forge/linux-64/coverage-5.3.1-py37h5e8e339_0.tar.bz2#b8ae737aaa763658342d7496f32ab70b
https://conda.anaconda.org/conda-forge/noarch/cycler-0.10.0-py_2.tar.bz2#f6d7c7e6d8f42cbbec7e07a8d879f91c
https://conda.anaconda.org/conda-forge/linux-64/dbus-1.13.6-hfdff14a_1.tar.bz2#4caaca6356992ee545080c7d7193b5a3
https://conda.anaconda.org/conda-forge/linux-64/future-0.18.2-py37h89c1867_2.tar.bz2#5e3dfe430d1db709ef6417a9cf486d1c
https://conda.anaconda.org/conda-forge/linux-64/gmpy2-2.1.0b1-py37hcb968a4_1.tar.bz2#59c7fc2510a5872e5afef871d2a4b80c
https://conda.anaconda.org/conda-forge/linux-64/gst-plugins-base-1.14.5-h0935bb2_2.tar.bz2#eb125ee86480e00a4a1ed45a577c3311
https://conda.anaconda.org/conda-forge/linux-64/importlib-metadata-3.3.0-py37h89c1867_2.tar.bz2#d9c713fb7d2d31475ba707441bd2a54c
https://conda.anaconda.org/conda-forge/linux-64/jedi-0.18.0-py37h89c1867_1.tar.bz2#043b17b38a6d1e99989dfc19f6257ab4
https://conda.anaconda.org/conda-forge/linux-64/kiwisolver-1.3.1-py37hc928c03_0.tar.bz2#c970ee8be91a48044cd90f2fc86bf7b9
https://conda.anaconda.org/conda-forge/linux-64/libnetcdf-4.7.4-nompi_h56d31a8_107.tar.bz2#ef3d349e818876a175de7d87bd6451df
https://conda.anaconda.org/conda-forge/linux-64/llvmlite-0.35.0-py37h9d7f4d0_0.tar.bz2#ecc5606b6c46125d8f3278f8176e8862
https://conda.anaconda.org/conda-forge/noarch/markdown-it-py-0.5.8-pyhd8ed1ab_0.tar.bz2#e2e3be408426e5aace9504f0385c1e32
https://conda.anaconda.org/conda-forge/linux-64/markupsafe-1.1.1-py37hb5d75c8_2.tar.bz2#31e6e17a00c0a624765a4ef79344359c
https://conda.anaconda.org/conda-forge/linux-64/mistune-0.8.4-py37h4abf009_1002.tar.bz2#2b7d974e2bbc217fc850779466f40b35
https://conda.anaconda.org/conda-forge/linux-64/multidict-5.1.0-py37h5e8e339_0.tar.bz2#227efaf6a823d31ff427aee567ca5e28
https://conda.anaconda.org/conda-forge/linux-64/numpy-1.19.4-py37haa41c4c_2.tar.bz2#6773487cb6f428defe5f3183207e488c
https://conda.anaconda.org/conda-forge/noarch/packaging-20.8-pyhd3deb0d_0.tar.bz2#1e483acb0f72b1611b50942458720169
https://conda.anaconda.org/conda-forge/noarch/pexpect-4.8.0-pyh9f0ad1d_2.tar.bz2#5909e7b978141dd80d28dbf9de627827
https://conda.anaconda.org/conda-forge/linux-64/pillow-8.0.1-py37h63a5d19_0.tar.bz2#3459c3f296e836d9a72a3682dbc4135d
https://conda.anaconda.org/conda-forge/linux-64/pycurl-7.43.0.6-py37h21fb010_0.tar.bz2#19081b8285127c8c4a16737e22192a38
https://conda.anaconda.org/conda-forge/linux-64/pyqt5-sip-4.19.18-py37hcd2ae1e_6.tar.bz2#88c2694e43dc5fe0988f9082545d36bd
https://conda.anaconda.org/conda-forge/linux-64/pyrsistent-0.17.3-py37h4abf009_1.tar.bz2#0aa21a377fd47a45728f5774ef7b60b1
https://conda.anaconda.org/conda-forge/linux-64/pysocks-1.7.1-py37he5f6b98_2.tar.bz2#a16ee1f98f2ab617eb31c835eaab8b81
https://conda.anaconda.org/conda-forge/noarch/python-dateutil-2.8.1-py_0.tar.bz2#0d0150ed9c2d25817f5324108d3f7571
https://conda.anaconda.org/conda-forge/linux-64/pyyaml-5.3.1-py37hb5d75c8_1.tar.bz2#5bf564affe9307fc08373b5a84d31c78
https://conda.anaconda.org/conda-forge/linux-64/pyzmq-20.0.0-py37h5a562af_1.tar.bz2#ad2331d3c50d3103a9403e8d404148b4
https://conda.anaconda.org/conda-forge/linux-64/ruamel.yaml.clib-0.2.2-py37h4abf009_1.tar.bz2#2730fa137abf939b3d6481a79337269e
https://conda.anaconda.org/conda-forge/linux-64/sniffio-1.2.0-py37h89c1867_0.tar.bz2#039f4ddba9857f13ec7e8a8b11074ce5
https://conda.anaconda.org/conda-forge/linux-64/sqlalchemy-1.3.22-py37h5e8e339_0.tar.bz2#ae73cc30e0b69a4a5f477881f91cab59
https://conda.anaconda.org/conda-forge/linux-64/tornado-6.1-py37h4abf009_0.tar.bz2#f054495ce3d0aa5010941f4019d59486
https://conda.anaconda.org/conda-forge/noarch/traitlets-5.0.5-py_0.tar.bz2#99618ee9ab1323e40f231acdab92fe60
https://conda.anaconda.org/conda-forge/noarch/typing-extensions-3.7.4.3-0.tar.bz2#36bdcdb4c2bf1efb987f2e9e80f4c9a6
https://conda.anaconda.org/conda-forge/linux-64/anyio-2.0.2-py37h89c1867_2.tar.bz2#983c654fec59338bc49894284782b6b1
https://conda.anaconda.org/conda-forge/linux-64/argon2-cffi-20.1.0-py37h4abf009_2.tar.bz2#8f342ee13a502ac6d637a4917d9e7cbf
https://conda.anaconda.org/conda-forge/linux-64/brotlipy-0.7.0-py37hb5d75c8_1001.tar.bz2#1e60063ddc9de28cb48bddb48bdc1395
https://conda.anaconda.org/conda-forge/linux-64/cftime-1.3.0-py37ha21ca33_0.tar.bz2#e16e1ef516f4ab1109f82b150edf7cc8
https://conda.anaconda.org/conda-forge/linux-64/cryptography-3.3.1-py37h7f0c10b_0.tar.bz2#0783dde73638d46bc960518dbb54ee0a
https://conda.anaconda.org/conda-forge/linux-64/h5py-3.1.0-nompi_py37h1e651dc_100.tar.bz2#b45bff851699e73b940c8d0684e5d2db
https://conda.anaconda.org/conda-forge/noarch/importlib_metadata-3.3.0-hd8ed1ab_2.tar.bz2#936c79b1b03cec81f74fb88f4fb4caa8
https://conda.anaconda.org/conda-forge/linux-64/jupyter_core-4.7.0-py37h89c1867_0.tar.bz2#b0ef15d0616bc2e2b651d37b7760c0ce
https://conda.anaconda.org/conda-forge/noarch/mako-1.1.3-pyh9f0ad1d_0.tar.bz2#7c87121b0244cf6a1f44a1df12a846ea
https://conda.anaconda.org/conda-forge/linux-64/pandas-1.2.0-py37hdc94413_0.tar.bz2#43436c3e9e3cb39d0b85b3f739b64edb
https://conda.anaconda.org/conda-forge/linux-64/pyhdf-0.10.2-py37hb36aea3_2.tar.bz2#818810614ee38184e52fc4eb0eaeaf41
https://conda.anaconda.org/conda-forge/linux-64/qt-5.12.9-h9d6b050_2.tar.bz2#2f7c14748e3d98ff1ff27cadffb34d97
https://conda.anaconda.org/conda-forge/linux-64/scipy-1.5.3-py37h14a347d_0.tar.bz2#c620276ff5842789b116099872e52808
https://conda.anaconda.org/conda-forge/linux-64/setuptools-49.6.0-py37he5f6b98_2.tar.bz2#eeae6a29001871a6a30de45b910e0d72
https://conda.anaconda.org/conda-forge/linux-64/shapely-1.7.1-py37hedb1597_1.tar.bz2#1e62a53176ff09b3b3c855a973968998
https://conda.anaconda.org/conda-forge/linux-64/sympy-1.7.1-py37h89c1867_0.tar.bz2#8c7f96359f124ec643da34db0864bc2e
https://conda.anaconda.org/conda-forge/linux-64/terminado-0.9.1-py37h89c1867_1.tar.bz2#740b53f5b2ff4604d2510612fb45d6bc
https://conda.anaconda.org/conda-forge/linux-64/yarl-1.6.3-py37h5e8e339_0.tar.bz2#b281ab3be4d1bfbd8a20f2ae62b32508
https://conda.anaconda.org/conda-forge/linux-64/aiohttp-3.7.3-py37h5e8e339_0.tar.bz2#0abe50473f4ec0c34608600850249157
https://conda.anaconda.org/conda-forge/noarch/alembic-1.4.3-pyh9f0ad1d_0.tar.bz2#84c871138af479a1724d3c3634273dda
https://conda.anaconda.org/conda-forge/noarch/backports.functools_lru_cache-1.6.1-py_0.tar.bz2#d36df15eaef96549ce6231e3088fba54
https://conda.anaconda.org/conda-forge/noarch/bleach-3.2.1-pyh9f0ad1d_0.tar.bz2#d4506316b85679972c0b78d4d1c0b701
https://conda.anaconda.org/conda-forge/noarch/jinja2-2.11.2-pyh9f0ad1d_0.tar.bz2#e8a5d614d1a27bdba00059ca062a0551
https://conda.anaconda.org/conda-forge/noarch/jsonschema-3.2.0-py_2.tar.bz2#a17aa962de6145d08e1008cb37c20161
https://conda.anaconda.org/conda-forge/noarch/jupyter_client-6.1.7-py_0.tar.bz2#bcaa486602c05413da0808b82898f60a
https://conda.anaconda.org/conda-forge/linux-64/matplotlib-base-3.3.3-py37h4f6019d_0.tar.bz2#1f68e93546ebbffef0800135b446f650
https://conda.anaconda.org/conda-forge/linux-64/netcdf4-1.5.5.1-nompi_py37hdbee05a_100.tar.bz2#d907158d4379d45f2f579b7d645050ab
https://conda.anaconda.org/conda-forge/linux-64/numba-0.52.0-py37hdc94413_0.tar.bz2#d148603e968d3ecc95cafc6d47cf1a25
https://conda.anaconda.org/conda-forge/noarch/pip-20.3.3-pyhd8ed1ab_0.tar.bz2#c7e5c449e502567a995e4bd09c538faf
https://conda.anaconda.org/conda-forge/linux-64/pluggy-0.13.1-py37he5f6b98_3.tar.bz2#470de6721755ed67beb4755f9bc76043
https://conda.anaconda.org/conda-forge/noarch/pygments-2.7.3-pyhd8ed1ab_0.tar.bz2#d963eb6df37d0a32fd2c12eeae3f5cf9
https://conda.anaconda.org/conda-forge/noarch/pyjwt-1.7.1-py_0.tar.bz2#617ab4f8c5e481fdeabe55d7a1e14798
https://conda.anaconda.org/conda-forge/noarch/pyopenssl-20.0.1-pyhd8ed1ab_0.tar.bz2#92371c25994d0f5d28a01c1fb75ebf86
https://conda.anaconda.org/conda-forge/linux-64/pyqt-impl-5.12.3-py37he336c9b_6.tar.bz2#0b61c66eb827edacccfe3bed6bc9e194
https://conda.anaconda.org/conda-forge/linux-64/ruamel.yaml-0.16.12-py37h4abf009_1.tar.bz2#00afa544af8ab9c89a2daad11cf867b6
https://conda.anaconda.org/conda-forge/noarch/xarray-0.16.2-pyhd8ed1ab_0.tar.bz2#45057a982fbac8e5c5ba5167358d4bbb
https://conda.anaconda.org/conda-forge/linux-64/cartopy-0.18.0-py37hba48658_8.tar.bz2#86474d52afe001841aea5bebeec1958b
https://conda.anaconda.org/conda-forge/noarch/certipy-0.1.3-py_0.tar.bz2#23486713ef5712923e7c57cae609b22e
https://conda.anaconda.org/conda-forge/noarch/jupyter_telemetry-0.1.0-pyhd8ed1ab_1.tar.bz2#bb9ebdb6d5aa2622484aff1faceee181
https://conda.anaconda.org/conda-forge/noarch/jupyterlab_pygments-0.1.2-pyh9f0ad1d_0.tar.bz2#2cbd910890bb328e8959246a1e16fac7
https://conda.anaconda.org/conda-forge/noarch/nbformat-5.0.8-py_0.tar.bz2#12aaf0d8795a5c375757b49a08e011a2
https://conda.anaconda.org/conda-forge/noarch/oauthlib-3.0.1-py_0.tar.bz2#faaf2a8fd1cddecbf1818fcf0ed3a3b6
https://conda.anaconda.org/conda-forge/linux-64/pyqtchart-5.12-py37he336c9b_6.tar.bz2#b88c5a7265af447855ac1ca73e5f9663
https://conda.anaconda.org/conda-forge/linux-64/pyqtwebengine-5.12.1-py37he336c9b_6.tar.bz2#fd209417a934003342928ba0ccc4b1c2
https://conda.anaconda.org/conda-forge/linux-64/pytest-6.2.1-py37h89c1867_0.tar.bz2#9440da7af5554a1eff9691da0fd83713
https://conda.anaconda.org/conda-forge/noarch/urllib3-1.26.2-pyhd8ed1ab_0.tar.bz2#8bb930d172961c9ba9ffd6e10a64b844
https://conda.anaconda.org/conda-forge/noarch/wcwidth-0.2.5-pyh9f0ad1d_2.tar.bz2#5266fcd697043c59621fda522b3d78ee
https://conda.anaconda.org/conda-forge/noarch/jupytext-1.8.0-pyhd3deb0d_0.tar.bz2#9eadc4c69768f7bd43f564b5aa52d064
https://conda.anaconda.org/conda-forge/noarch/nbclient-0.5.1-py_0.tar.bz2#4efba375c50e6668cb5778e36d1f3a7e
https://conda.anaconda.org/conda-forge/noarch/prompt-toolkit-3.0.8-pyha770c72_0.tar.bz2#e4df54860ae814be2dba503c97748173
https://conda.anaconda.org/conda-forge/linux-64/pyqt-5.12.3-py37h89c1867_6.tar.bz2#68c76ee96d2321d523f21ca44a7ea325
https://conda.anaconda.org/conda-forge/noarch/pytest-cov-2.10.1-pyh9f0ad1d_0.tar.bz2#0d83b4ea58595e9f685c51ba31f63116
https://conda.anaconda.org/conda-forge/noarch/requests-2.25.1-pyhd3deb0d_0.tar.bz2#ae687aba31a1c400192a86a2e993ffdc
https://conda.anaconda.org/conda-forge/noarch/codecov-2.1.11-pyhd3deb0d_0.tar.bz2#9c661c2c14b4667827218402e6624ad5
https://conda.anaconda.org/conda-forge/noarch/ensureconda-1.4.0-pyhd8ed1ab_0.tar.bz2#7e129c470f6d48c51a3eca543ddb9e71
https://conda.anaconda.org/conda-forge/linux-64/ipython-7.19.0-py37h888b3d9_0.tar.bz2#1acaa05475cdcb08df42eea391ff42bf
https://conda.anaconda.org/conda-forge/linux-64/jupyterhub-base-1.1.0-py37hc8dfbb8_5.tar.bz2#5103b9e68ad1afc2285d453959e2c0b5
https://conda.anaconda.org/conda-forge/linux-64/matplotlib-3.3.3-py37h89c1867_0.tar.bz2#fed4fd8c04205d898affe40d6bca3870
https://conda.anaconda.org/conda-forge/linux-64/nbconvert-6.0.7-py37h89c1867_3.tar.bz2#aa3710e0a8a44d7c7313b37775018446
https://conda.anaconda.org/conda-forge/noarch/pydap-3.2.2-pyh9f0ad1d_1001.tar.bz2#57366738355186e180fad8a8086b8999
https://conda.anaconda.org/conda-forge/linux-64/climlab-0.7.7-py37h6c11c6e_3.tar.bz2#674d2f69b2cb62ac2e620f83ef96bd94
https://conda.anaconda.org/conda-forge/noarch/conda-lock-0.7.3-pyhd8ed1ab_0.tar.bz2#559ade16cbab85c06f6d4ec0e202fbca
https://conda.anaconda.org/conda-forge/linux-64/ipykernel-5.4.2-py37h888b3d9_0.tar.bz2#a0b4767e65f528ecbc560e2012bb61fb
https://conda.anaconda.org/conda-forge/linux-64/jupyter_server-1.1.3-py37h89c1867_0.tar.bz2#da6362de6bb0fd6e9977d7d50d967af9
https://conda.anaconda.org/conda-forge/noarch/jupyterlab_server-2.0.0-pyhd8ed1ab_0.tar.bz2#0480703bb9bc8a0493b9f74e772e668e
https://conda.anaconda.org/conda-forge/linux-64/notebook-6.1.6-py37h89c1867_0.tar.bz2#33eed95b2cfcd14adcd8b6648ff02542
https://conda.anaconda.org/conda-forge/noarch/jupyter-server-proxy-1.5.0-py_0.tar.bz2#a268439d8b60aac7c506dd170fa48f88
https://conda.anaconda.org/conda-forge/linux-64/jupyterhub-singleuser-1.1.0-py37hc8dfbb8_5.tar.bz2#58c146794b249672b4b17fea3fd0a728
https://conda.anaconda.org/conda-forge/noarch/nbclassic-0.2.5-pyhd8ed1ab_0.tar.bz2#96e0b269c6a80962dbf37b710ba1bc05
https://conda.anaconda.org/conda-forge/noarch/nbgitpuller-0.9.0-py_0.tar.bz2#ce05504b25f7e0234c99e7ef1f746cbd
https://conda.anaconda.org/conda-forge/linux-64/widgetsnbextension-3.5.1-py37h89c1867_4.tar.bz2#274af17d64191a15d3899d5fdc4abc02
https://conda.anaconda.org/conda-forge/noarch/ipywidgets-7.5.1-pyh9f0ad1d_1.tar.bz2#a7211644e1cf6a262c675635a78181f4
https://conda.anaconda.org/conda-forge/noarch/jupyterlab-3.0.0-pyhd8ed1ab_0.tar.bz2#ff67813a5f7b381eca53e04488840c6e
https://conda.anaconda.org/eoas_ubc/noarch/base-notebook-2020.09.05-0.tar.bz2#3745b8c36fef6f15c850ebd174b7c3c9
